PODS:
  - AcknowList (3.1.0)
  - AgoraRtcEngine_iOS/RtcBasic (4.3.0)
  - AliyunLogProducer/Bricks (2.3.11.1):
    - AliyunLogProducer/Core
  - AliyunLogProducer/Core (2.3.11.1)
  - CropViewController (2.7.2)
  - Differentiator (5.0.0)
  - DZNEmptyDataSet (1.8.1)
  - Fastboard (2.0.0-alpha.19):
    - Fastboard/core (= 2.0.0-alpha.19)
  - Fastboard/core (2.0.0-alpha.19):
    - Whiteboard (~> 2.17.0-alpha.28)
  - Hero (1.6.3)
  - IQKeyboardManagerSwift (7.0.2)
  - Kingfisher (7.11.0)
  - Logging (1.4.0)
  - LookinServer (1.2.8):
    - LookinServer/Core (= 1.2.8)
  - LookinServer/Core (1.2.8)
  - lottie-ios (4.4.2)
  - MBProgressHUD (1.2.0)
  - "NSObject+Rx (5.2.2)":
    - RxSwift (~> 6.2)
  - NTLBridge (3.1.6)
  - PhoneNumberKit (3.7.10):
    - PhoneNumberKit/PhoneNumberKitCore (= 3.7.10)
    - PhoneNumberKit/UIKit (= 3.7.10)
  - PhoneNumberKit/PhoneNumberKitCore (3.7.10)
  - PhoneNumberKit/UIKit (3.7.10):
    - PhoneNumberKit/PhoneNumberKitCore
  - RxCocoa (6.6.0):
    - RxRelay (= 6.6.0)
    - RxSwift (= 6.6.0)
  - RxDataSources (5.0.0):
    - Differentiator (~> 5.0)
    - RxCocoa (~> 6.0)
    - RxSwift (~> 6.0)
  - RxRelay (6.6.0):
    - RxSwift (= 6.6.0)
  - RxSwift (6.6.0)
  - ScreenCorners (1.0.1)
  - Siren (6.1.2)
  - SnapKit (5.7.1)
  - SwiftyBeaver (1.9.5)
  - SyncPlayer (0.3.3)
  - ViewDragger (1.1.0)
  - White_YYModel (1.0.6)
  - Whiteboard (2.17.0-alpha.30):
    - Whiteboard/Whiteboard-Basic (= 2.17.0-alpha.30)
  - Whiteboard/Resource (2.17.0-alpha.30)
  - Whiteboard/SyncPlayer (2.17.0-alpha.30):
    - SyncPlayer
    - Whiteboard/Whiteboard-Basic
  - Whiteboard/Whiteboard-Basic (2.17.0-alpha.30):
    - NTLBridge (~> 3.1.4)
    - White_YYModel
    - Whiteboard/Resource
  - Zip (2.1.2)

DEPENDENCIES:
  - AcknowList
  - AgoraRtcEngine_iOS/RtcBasic (= 4.3.0)
  - AliyunLogProducer/Bricks
  - AliyunLogProducer/Core
  - CropViewController
  - DZNEmptyDataSet
  - Fastboard (= 2.0.0-alpha.19)
  - Hero
  - IQKeyboardManagerSwift
  - Kingfisher
  - Logging
  - LookinServer
  - lottie-ios
  - MBProgressHUD (~> 1.2.0)
  - "NSObject+Rx"
  - PhoneNumberKit
  - RxCocoa
  - RxDataSources
  - RxSwift
  - ScreenCorners
  - Siren
  - SnapKit
  - SwiftyBeaver
  - SyncPlayer (= 0.3.3)
  - ViewDragger (= 1.1.0)
  - Whiteboard (= 2.17.0-alpha.30)
  - Whiteboard/SyncPlayer (= 2.17.0-alpha.30)
  - Zip

SPEC REPOS:
  trunk:
    - AcknowList
    - AgoraRtcEngine_iOS
    - AliyunLogProducer
    - CropViewController
    - Differentiator
    - DZNEmptyDataSet
    - Fastboard
    - Hero
    - IQKeyboardManagerSwift
    - Kingfisher
    - Logging
    - LookinServer
    - lottie-ios
    - MBProgressHUD
    - "NSObject+Rx"
    - NTLBridge
    - PhoneNumberKit
    - RxCocoa
    - RxDataSources
    - RxRelay
    - RxSwift
    - ScreenCorners
    - Siren
    - SnapKit
    - SwiftyBeaver
    - SyncPlayer
    - ViewDragger
    - White_YYModel
    - Whiteboard
    - Zip

SPEC CHECKSUMS:
  AcknowList: 6a066937eac273426b749e14172db23a9ca656df
  AgoraRtcEngine_iOS: 267c0980c1fb97e056d05b850f8629b05b6e467a
  AliyunLogProducer: eac8d130e68c5bccc9ef4b8c6c8857662ca643c7
  CropViewController: 919f4e49dc298a610265bb1eeaa7e195298e3c5b
  Differentiator: e8497ceab83c1b10ca233716d547b9af21b9344d
  DZNEmptyDataSet: 9525833b9e68ac21c30253e1d3d7076cc828eaa7
  Fastboard: 2ceeb91c71a46c7fad9754960b0b47fb9c7bc553
  Hero: 419d43384355b3168512bd8ac6a33aadd3dc575b
  IQKeyboardManagerSwift: d338c11a896e9f29603443700c4567e32f830c22
  Kingfisher: b9c985d864d43515f404f1ef4a8ce7d802ace3ac
  Logging: beeb016c9c80cf77042d62e83495816847ef108b
  LookinServer: 1b2b61c6402ae29fa22182d48f5cd067b4e99e80
  lottie-ios: 4445b0bdb583c7a5325529f62246d311ee85fcd0
  MBProgressHUD: 3ee5efcc380f6a79a7cc9b363dd669c5e1ae7406
  "NSObject+Rx": 61cf1f7306a73dcef8b36649198af0813ec18dfd
  NTLBridge: 6ef7f3c1fc956f2e2d701a89828d51674bd479c7
  PhoneNumberKit: 3d9a20cfe8ee68f35c2a3ae9474093133f72a8a1
  RxCocoa: 44a80de90e25b739b5aeaae3c8c371a32e3343cc
  RxDataSources: aa47cc1ed6c500fa0dfecac5c979b723542d79cf
  RxRelay: 45eaa5db8ee4fb50e5ebd57deec0159e97fa51e6
  RxSwift: a4b44f7d24599f674deebd1818eab82e58410632
  ScreenCorners: 9bfdf033122fb645d57cc8f9df7b8ea770720771
  Siren: c951ae243b57160629fb2e4d2f630cbfc5d5452b
  SnapKit: d612e99e678a2d3b95bf60b0705ed0a35c03484a
  SwiftyBeaver: 84069991dd5dca07d7069100985badaca7f0ce82
  SyncPlayer: b9335696ab56a0e24cf38257c089cf8404ed6c71
  ViewDragger: b9d300848f674d3025e67b2c9887afe9334e1d20
  White_YYModel: 4ed7b231471784ec709d4db954e1ca61a4fbe54d
  Whiteboard: 8ceb323e50f13b0603472a3c4f3efcd1d8e4681c
  Zip: b3fef584b147b6e582b2256a9815c897d60ddc67

PODFILE CHECKSUM: 015769957e7d21c9227477b486270dc99f65abe0

COCOAPODS: 1.16.2
