PODS:
  - AgoraRtcEngine_iOS (3.5.0.4)
  - AgoraRtm_iOS (1.4.8)
  - dsBridge (3.0.6)
  - EmptyDataSet-Swift (5.0.0)
  - Hero (1.6.1)
  - IQKeyboardManagerSwift (6.5.6)
  - Kingfisher (7.1.0)
  - MBProgressHUD (1.2.0)
  - "NSObject+Rx (5.2.2)":
    - RxSwift (~> 6.2)
  - RxCocoa (6.2.0):
    - RxRelay (= 6.2.0)
    - RxSwift (= 6.2.0)
  - RxRelay (6.2.0):
    - RxSwift (= 6.2.0)
  - RxSwift (6.2.0)
  - SnapKit (5.0.1)
  - Whiteboard (2.15.17):
    - Whiteboard/Base (= 2.15.17)
    - Whiteboard/Converter (= 2.15.17)
    - Whiteboard/Model (= 2.15.17)
    - Whiteboard/NativeReplayer (= 2.15.17)
    - Whiteboard/Object (= 2.15.17)
    - Whiteboard/Replayer (= 2.15.17)
    - Whiteboard/Room (= 2.15.17)
  - Whiteboard/Base (2.15.17):
    - dsBridge (~> 3.0.2)
    - Whiteboard/Object
  - Whiteboard/Converter (2.15.17):
    - Whiteboard/Object
  - Whiteboard/Model (2.15.17):
    - YYModel (~> 1.0.4)
  - Whiteboard/NativeReplayer (2.15.17):
    - Whiteboard/Replayer
  - Whiteboard/Object (2.15.17):
    - Whiteboard/Model
  - Whiteboard/Replayer (2.15.17):
    - Whiteboard/Base
  - Whiteboard/Room (2.15.17):
    - Whiteboard/Base
  - YYModel (1.0.4)

DEPENDENCIES:
  - AgoraRtcEngine_iOS
  - AgoraRtm_iOS
  - EmptyDataSet-Swift
  - Hero
  - IQKeyboardManagerSwift
  - Kingfisher
  - MBProgressHUD (~> 1.2.0)
  - "NSObject+Rx"
  - RxCocoa
  - RxSwift
  - SnapKit
  - Whiteboard

SPEC REPOS:
  trunk:
    - AgoraRtcEngine_iOS
    - AgoraRtm_iOS
    - dsBridge
    - EmptyDataSet-Swift
    - Hero
    - IQKeyboardManagerSwift
    - Kingfisher
    - MBProgressHUD
    - "NSObject+Rx"
    - RxCocoa
    - RxRelay
    - RxSwift
    - SnapKit
    - Whiteboard
    - YYModel

SPEC CHECKSUMS:
  AgoraRtcEngine_iOS: a5c32145692b996e67bd646ddde268c77b04ad71
  AgoraRtm_iOS: 382a54763803dad098d3b31a2608ccd62972e00b
  dsBridge: 48b62ee8a411ad601a88d6f6c8cf6cb634b206b7
  EmptyDataSet-Swift: eb382c0c87a2d9c678077385a595cec52da38171
  Hero: 215865ba3ae41dd9bb08cd6c60a645529c6fc94b
  IQKeyboardManagerSwift: c7df9d2deb356c04522f5c4b7b6e4ce4d8ed94fe
  Kingfisher: cdabaf49be7ee7cc124f0f276b355edf61903cf8
  MBProgressHUD: 3ee5efcc380f6a79a7cc9b363dd669c5e1ae7406
  "NSObject+Rx": 61cf1f7306a73dcef8b36649198af0813ec18dfd
  RxCocoa: 4baf94bb35f2c0ab31bc0cb9f1900155f646ba42
  RxRelay: e72dbfd157807478401ef1982e1c61c945c94b2f
  RxSwift: d356ab7bee873611322f134c5f9ef379fa183d8f
  SnapKit: 97b92857e3df3a0c71833cce143274bf6ef8e5eb
  Whiteboard: 30afb195f671cfa026603699103207ab8b9a3fde
  YYModel: 2a7fdd96aaa4b86a824e26d0c517de8928c04b30

PODFILE CHECKSUM: 4dd54decc55e33ada219c4114452c4d6032f4cc8

COCOAPODS: 1.11.2
